// !$*UTF8*$!
{
	archiveVersion = 1;
	classes = {
	};
	objectVersion = 56;
	objects = {

/* Begin PBXBuildFile section */
		63818D4A2AFA74270022CE7A /* AppDelegate.swift in Sources */ = {isa = PBXBuildFile; fileRef = 63818D492AFA74270022CE7A /* AppDelegate.swift */; };
		63818D532AFA742A0022CE7A /* Assets.xcassets in Resources */ = {isa = PBXBuildFile; fileRef = 63818D522AFA742A0022CE7A /* Assets.xcassets */; };
		63818D562AFA742A0022CE7A /* LaunchScreen.storyboard in Resources */ = {isa = PBXBuildFile; fileRef = 63818D542AFA742A0022CE7A /* LaunchScreen.storyboard */; };
		63818D652AFA76DD0022CE7A /* SearchViewController.swift in Sources */ = {isa = PBXBuildFile; fileRef = 63818D632AFA76DD0022CE7A /* SearchViewController.swift */; };
		63818D662AFA76DD0022CE7A /* SearchViewController.xib in Resources */ = {isa = PBXBuildFile; fileRef = 63818D642AFA76DD0022CE7A /* SearchViewController.xib */; };
		63818D692AFA76F80022CE7A /* FavoriteViewController.swift in Sources */ = {isa = PBXBuildFile; fileRef = 63818D672AFA76F80022CE7A /* FavoriteViewController.swift */; };
		63818D6A2AFA76F80022CE7A /* FavoriteViewController.xib in Resources */ = {isa = PBXBuildFile; fileRef = 63818D682AFA76F80022CE7A /* FavoriteViewController.xib */; };
		63818D6D2AFA77110022CE7A /* ProfileViewController.swift in Sources */ = {isa = PBXBuildFile; fileRef = 63818D6B2AFA77110022CE7A /* ProfileViewController.swift */; };
		63818D6E2AFA77110022CE7A /* ProfileViewController.xib in Resources */ = {isa = PBXBuildFile; fileRef = 63818D6C2AFA77110022CE7A /* ProfileViewController.xib */; };
		63818D712AFA77200022CE7A /* HomeViewController.swift in Sources */ = {isa = PBXBuildFile; fileRef = 63818D6F2AFA77200022CE7A /* HomeViewController.swift */; };
		63818D722AFA77200022CE7A /* HomeViewController.xib in Resources */ = {isa = PBXBuildFile; fileRef = 63818D702AFA77200022CE7A /* HomeViewController.xib */; };
		63818D752AFA77320022CE7A /* LoginViewController.swift in Sources */ = {isa = PBXBuildFile; fileRef = 63818D732AFA77320022CE7A /* LoginViewController.swift */; };
		63818D762AFA77320022CE7A /* LoginViewController.xib in Resources */ = {isa = PBXBuildFile; fileRef = 63818D742AFA77320022CE7A /* LoginViewController.xib */; };
		63818D7A2AFA77980022CE7A /* TabBarModel.swift in Sources */ = {isa = PBXBuildFile; fileRef = 63818D792AFA77980022CE7A /* TabBarModel.swift */; };
		63818D7C2AFA84D50022CE7A /* TabBarConfigurator.swift in Sources */ = {isa = PBXBuildFile; fileRef = 63818D7B2AFA84D50022CE7A /* TabBarConfigurator.swift */; };
		63818D7E2B14DB680022CE7A /* HomeModel.swift in Sources */ = {isa = PBXBuildFile; fileRef = 63818D7D2B14DB680022CE7A /* HomeModel.swift */; };
		63818D822B14E86E0022CE7A /* HomeCollectionViewCell.swift in Sources */ = {isa = PBXBuildFile; fileRef = 63818D802B14E86E0022CE7A /* HomeCollectionViewCell.swift */; };
		63818D832B14E86E0022CE7A /* HomeCollectionViewCell.xib in Resources */ = {isa = PBXBuildFile; fileRef = 63818D812B14E86E0022CE7A /* HomeCollectionViewCell.xib */; };
		63818D872B21ED310022CE7A /* DetailViewController.swift in Sources */ = {isa = PBXBuildFile; fileRef = 63818D852B21ED310022CE7A /* DetailViewController.swift */; };
		63818D882B21ED310022CE7A /* DetailViewController.xib in Resources */ = {isa = PBXBuildFile; fileRef = 63818D862B21ED310022CE7A /* DetailViewController.xib */; };
		63818D942B21F40E0022CE7A /* DetailImageTableViewCell.swift in Sources */ = {isa = PBXBuildFile; fileRef = 63818D922B21F40E0022CE7A /* DetailImageTableViewCell.swift */; };
		63818D952B21F40E0022CE7A /* DetailImageTableViewCell.xib in Resources */ = {isa = PBXBuildFile; fileRef = 63818D932B21F40E0022CE7A /* DetailImageTableViewCell.xib */; };
		63818D982B21F42A0022CE7A /* DetailTitleTableViewCell.swift in Sources */ = {isa = PBXBuildFile; fileRef = 63818D962B21F42A0022CE7A /* DetailTitleTableViewCell.swift */; };
		63818D992B21F42A0022CE7A /* DetailTitleTableViewCell.xib in Resources */ = {isa = PBXBuildFile; fileRef = 63818D972B21F42A0022CE7A /* DetailTitleTableViewCell.xib */; };
		63818D9C2B21F43E0022CE7A /* DetailTextTableViewCell.swift in Sources */ = {isa = PBXBuildFile; fileRef = 63818D9A2B21F43E0022CE7A /* DetailTextTableViewCell.swift */; };
		63818D9D2B21F43E0022CE7A /* DetailTextTableViewCell.xib in Resources */ = {isa = PBXBuildFile; fileRef = 63818D9B2B21F43E0022CE7A /* DetailTextTableViewCell.xib */; };
/* End PBXBuildFile section */

/* Begin PBXFileReference section */
		63818D462AFA74270022CE7A /* MyPinterest.app */ = {isa = PBXFileReference; explicitFileType = wrapper.application; includeInIndex = 0; path = MyPinterest.app; sourceTree = BUILT_PRODUCTS_DIR; };
		63818D492AFA74270022CE7A /* AppDelegate.swift */ = {isa = PBXFileReference; lastKnownFileType = sourcecode.swift; path = AppDelegate.swift; sourceTree = "<group>"; };
		63818D522AFA742A0022CE7A /* Assets.xcassets */ = {isa = PBXFileReference; lastKnownFileType = folder.assetcatalog; path = Assets.xcassets; sourceTree = "<group>"; };
		63818D552AFA742A0022CE7A /* Base */ = {isa = PBXFileReference; lastKnownFileType = file.storyboard; name = Base; path = Base.lproj/LaunchScreen.storyboard; sourceTree = "<group>"; };
		63818D572AFA742A0022CE7A /* Info.plist */ = {isa = PBXFileReference; lastKnownFileType = text.plist.xml; path = Info.plist; sourceTree = "<group>"; };
		63818D632AFA76DD0022CE7A /* SearchViewController.swift */ = {isa = PBXFileReference; lastKnownFileType = sourcecode.swift; name = SearchViewController.swift; path = MyPinterest/SearchViewController.swift; sourceTree = SOURCE_ROOT; };
		63818D642AFA76DD0022CE7A /* SearchViewController.xib */ = {isa = PBXFileReference; lastKnownFileType = file.xib; name = SearchViewController.xib; path = MyPinterest/SearchViewController.xib; sourceTree = SOURCE_ROOT; };
		63818D672AFA76F80022CE7A /* FavoriteViewController.swift */ = {isa = PBXFileReference; lastKnownFileType = sourcecode.swift; path = FavoriteViewController.swift; sourceTree = "<group>"; };
		63818D682AFA76F80022CE7A /* FavoriteViewController.xib */ = {isa = PBXFileReference; lastKnownFileType = file.xib; path = FavoriteViewController.xib; sourceTree = "<group>"; };
		63818D6B2AFA77110022CE7A /* ProfileViewController.swift */ = {isa = PBXFileReference; lastKnownFileType = sourcecode.swift; path = ProfileViewController.swift; sourceTree = "<group>"; };
		63818D6C2AFA77110022CE7A /* ProfileViewController.xib */ = {isa = PBXFileReference; lastKnownFileType = file.xib; path = ProfileViewController.xib; sourceTree = "<group>"; };
		63818D6F2AFA77200022CE7A /* HomeViewController.swift */ = {isa = PBXFileReference; lastKnownFileType = sourcecode.swift; path = HomeViewController.swift; sourceTree = "<group>"; };
		63818D702AFA77200022CE7A /* HomeViewController.xib */ = {isa = PBXFileReference; lastKnownFileType = file.xib; path = HomeViewController.xib; sourceTree = "<group>"; };
		63818D732AFA77320022CE7A /* LoginViewController.swift */ = {isa = PBXFileReference; lastKnownFileType = sourcecode.swift; path = LoginViewController.swift; sourceTree = "<group>"; };
		63818D742AFA77320022CE7A /* LoginViewController.xib */ = {isa = PBXFileReference; lastKnownFileType = file.xib; path = LoginViewController.xib; sourceTree = "<group>"; };
		63818D792AFA77980022CE7A /* TabBarModel.swift */ = {isa = PBXFileReference; lastKnownFileType = sourcecode.swift; path = TabBarModel.swift; sourceTree = "<group>"; };
		63818D7B2AFA84D50022CE7A /* TabBarConfigurator.swift */ = {isa = PBXFileReference; lastKnownFileType = sourcecode.swift; path = TabBarConfigurator.swift; sourceTree = "<group>"; };
		63818D7D2B14DB680022CE7A /* HomeModel.swift */ = {isa = PBXFileReference; lastKnownFileType = sourcecode.swift; path = HomeModel.swift; sourceTree = "<group>"; };
		63818D802B14E86E0022CE7A /* HomeCollectionViewCell.swift */ = {isa = PBXFileReference; lastKnownFileType = sourcecode.swift; path = HomeCollectionViewCell.swift; sourceTree = "<group>"; };
		63818D812B14E86E0022CE7A /* HomeCollectionViewCell.xib */ = {isa = PBXFileReference; lastKnownFileType = file.xib; path = HomeCollectionViewCell.xib; sourceTree = "<group>"; };
		63818D852B21ED310022CE7A /* DetailViewController.swift */ = {isa = PBXFileReference; lastKnownFileType = sourcecode.swift; path = DetailViewController.swift; sourceTree = "<group>"; };
		63818D862B21ED310022CE7A /* DetailViewController.xib */ = {isa = PBXFileReference; lastKnownFileType = file.xib; path = DetailViewController.xib; sourceTree = "<group>"; };
		63818D922B21F40E0022CE7A /* DetailImageTableViewCell.swift */ = {isa = PBXFileReference; lastKnownFileType = sourcecode.swift; path = DetailImageTableViewCell.swift; sourceTree = "<group>"; };
		63818D932B21F40E0022CE7A /* DetailImageTableViewCell.xib */ = {isa = PBXFileReference; lastKnownFileType = file.xib; path = DetailImageTableViewCell.xib; sourceTree = "<group>"; };
		63818D962B21F42A0022CE7A /* DetailTitleTableViewCell.swift */ = {isa = PBXFileReference; lastKnownFileType = sourcecode.swift; path = DetailTitleTableViewCell.swift; sourceTree = "<group>"; };
		63818D972B21F42A0022CE7A /* DetailTitleTableViewCell.xib */ = {isa = PBXFileReference; lastKnownFileType = file.xib; path = DetailTitleTableViewCell.xib; sourceTree = "<group>"; };
		63818D9A2B21F43E0022CE7A /* DetailTextTableViewCell.swift */ = {isa = PBXFileReference; lastKnownFileType = sourcecode.swift; path = DetailTextTableViewCell.swift; sourceTree = "<group>"; };
		63818D9B2B21F43E0022CE7A /* DetailTextTableViewCell.xib */ = {isa = PBXFileReference; lastKnownFileType = file.xib; path = DetailTextTableViewCell.xib; sourceTree = "<group>"; };
/* End PBXFileReference section */

/* Begin PBXFrameworksBuildPhase section */
		63818D432AFA74270022CE7A /* Frameworks */ = {
			isa = PBXFrameworksBuildPhase;
			buildActionMask = 2147483647;
			files = (
			);
			runOnlyForDeploymentPostprocessing = 0;
		};
/* End PBXFrameworksBuildPhase section */

/* Begin PBXGroup section */
		63818D3D2AFA74270022CE7A = {
			isa = PBXGroup;
			children = (
				63818D482AFA74270022CE7A /* MyPinterest */,
				63818D472AFA74270022CE7A /* Products */,
			);
			sourceTree = "<group>";
		};
		63818D472AFA74270022CE7A /* Products */ = {
			isa = PBXGroup;
			children = (
				63818D462AFA74270022CE7A /* MyPinterest.app */,
			);
			name = Products;
			sourceTree = "<group>";
		};
		63818D482AFA74270022CE7A /* MyPinterest */ = {
			isa = PBXGroup;
			children = (
				63818D492AFA74270022CE7A /* AppDelegate.swift */,
				63818D782AFA77720022CE7A /* TabBar */,
				63818D772AFA77420022CE7A /* Controllers */,
				63818D5D2AFA75D00022CE7A /* Application */,
			);
			path = MyPinterest;
			sourceTree = "<group>";
		};
		63818D5D2AFA75D00022CE7A /* Application */ = {
			isa = PBXGroup;
			children = (
				63818D542AFA742A0022CE7A /* LaunchScreen.storyboard */,
				63818D522AFA742A0022CE7A /* Assets.xcassets */,
				63818D572AFA742A0022CE7A /* Info.plist */,
			);
			path = Application;
			sourceTree = "<group>";
		};
		63818D5E2AFA75FE0022CE7A /* Login */ = {
			isa = PBXGroup;
			children = (
				63818D732AFA77320022CE7A /* LoginViewController.swift */,
				63818D742AFA77320022CE7A /* LoginViewController.xib */,
			);
			path = Login;
			sourceTree = "<group>";
		};
		63818D5F2AFA76370022CE7A /* Home */ = {
			isa = PBXGroup;
			children = (
				63818D842B21ECFE0022CE7A /* Detail */,
				63818D7F2B14E82D0022CE7A /* Cells */,
				63818D6F2AFA77200022CE7A /* HomeViewController.swift */,
				63818D702AFA77200022CE7A /* HomeViewController.xib */,
				63818D7D2B14DB680022CE7A /* HomeModel.swift */,
			);
			path = Home;
			sourceTree = "<group>";
		};
		63818D602AFA764A0022CE7A /* Profile */ = {
			isa = PBXGroup;
			children = (
				63818D6B2AFA77110022CE7A /* ProfileViewController.swift */,
				63818D6C2AFA77110022CE7A /* ProfileViewController.xib */,
			);
			path = Profile;
			sourceTree = "<group>";
		};
		63818D612AFA76660022CE7A /* Favorite */ = {
			isa = PBXGroup;
			children = (
				63818D672AFA76F80022CE7A /* FavoriteViewController.swift */,
				63818D682AFA76F80022CE7A /* FavoriteViewController.xib */,
			);
			path = Favorite;
			sourceTree = "<group>";
		};
		63818D622AFA768F0022CE7A /* Search */ = {
			isa = PBXGroup;
			children = (
				63818D632AFA76DD0022CE7A /* SearchViewController.swift */,
				63818D642AFA76DD0022CE7A /* SearchViewController.xib */,
			);
			path = Search;
			sourceTree = "<group>";
		};
		63818D772AFA77420022CE7A /* Controllers */ = {
			isa = PBXGroup;
			children = (
				63818D5E2AFA75FE0022CE7A /* Login */,
				63818D5F2AFA76370022CE7A /* Home */,
				63818D602AFA764A0022CE7A /* Profile */,
				63818D612AFA76660022CE7A /* Favorite */,
				63818D622AFA768F0022CE7A /* Search */,
			);
			path = Controllers;
			sourceTree = "<group>";
		};
		63818D782AFA77720022CE7A /* TabBar */ = {
			isa = PBXGroup;
			children = (
				63818D792AFA77980022CE7A /* TabBarModel.swift */,
				63818D7B2AFA84D50022CE7A /* TabBarConfigurator.swift */,
			);
			path = TabBar;
			sourceTree = "<group>";
		};
		63818D7F2B14E82D0022CE7A /* Cells */ = {
			isa = PBXGroup;
			children = (
				63818D802B14E86E0022CE7A /* HomeCollectionViewCell.swift */,
				63818D812B14E86E0022CE7A /* HomeCollectionViewCell.xib */,
			);
			path = Cells;
			sourceTree = "<group>";
		};
		63818D842B21ECFE0022CE7A /* Detail */ = {
			isa = PBXGroup;
			children = (
				63818D8E2B21F39C0022CE7A /* Cells */,
				63818D852B21ED310022CE7A /* DetailViewController.swift */,
				63818D862B21ED310022CE7A /* DetailViewController.xib */,
			);
			path = Detail;
			sourceTree = "<group>";
		};
		63818D8E2B21F39C0022CE7A /* Cells */ = {
			isa = PBXGroup;
			children = (
				63818D912B21F3C40022CE7A /* TextCell */,
				63818D902B21F3B10022CE7A /* TitleCell */,
				63818D8F2B21F3A80022CE7A /* ImageCell */,
			);
			path = Cells;
			sourceTree = "<group>";
		};
		63818D8F2B21F3A80022CE7A /* ImageCell */ = {
			isa = PBXGroup;
			children = (
				63818D922B21F40E0022CE7A /* DetailImageTableViewCell.swift */,
				63818D932B21F40E0022CE7A /* DetailImageTableViewCell.xib */,
			);
			path = ImageCell;
			sourceTree = "<group>";
		};
		63818D902B21F3B10022CE7A /* TitleCell */ = {
			isa = PBXGroup;
			children = (
				63818D962B21F42A0022CE7A /* DetailTitleTableViewCell.swift */,
				63818D972B21F42A0022CE7A /* DetailTitleTableViewCell.xib */,
			);
			path = TitleCell;
			sourceTree = "<group>";
		};
		63818D912B21F3C40022CE7A /* TextCell */ = {
			isa = PBXGroup;
			children = (
				63818D9A2B21F43E0022CE7A /* DetailTextTableViewCell.swift */,
				63818D9B2B21F43E0022CE7A /* DetailTextTableViewCell.xib */,
			);
			path = TextCell;
			sourceTree = "<group>";
		};
/* End PBXGroup section */

/* Begin PBXNativeTarget section */
		63818D452AFA74270022CE7A /* MyPinterest */ = {
			isa = PBXNativeTarget;
			buildConfigurationList = 63818D5A2AFA742A0022CE7A /* Build configuration list for PBXNativeTarget "MyPinterest" */;
			buildPhases = (
				63818D422AFA74270022CE7A /* Sources */,
				63818D432AFA74270022CE7A /* Frameworks */,
				63818D442AFA74270022CE7A /* Resources */,
			);
			buildRules = (
			);
			dependencies = (
			);
			name = MyPinterest;
			productName = MyPinterest;
			productReference = 63818D462AFA74270022CE7A /* MyPinterest.app */;
			productType = "com.apple.product-type.application";
		};
/* End PBXNativeTarget section */

/* Begin PBXProject section */
		63818D3E2AFA74270022CE7A /* Project object */ = {
			isa = PBXProject;
			attributes = {
				BuildIndependentTargetsInParallel = 1;
				LastSwiftUpdateCheck = 1420;
				LastUpgradeCheck = 1420;
				TargetAttributes = {
					63818D452AFA74270022CE7A = {
						CreatedOnToolsVersion = 14.2;
					};
				};
			};
			buildConfigurationList = 63818D412AFA74270022CE7A /* Build configuration list for PBXProject "MyPinterest" */;
			compatibilityVersion = "Xcode 14.0";
			developmentRegion = en;
			hasScannedForEncodings = 0;
			knownRegions = (
				en,
				Base,
			);
			mainGroup = 63818D3D2AFA74270022CE7A;
			productRefGroup = 63818D472AFA74270022CE7A /* Products */;
			projectDirPath = "";
			projectRoot = "";
			targets = (
				63818D452AFA74270022CE7A /* MyPinterest */,
			);
		};
/* End PBXProject section */

/* Begin PBXResourcesBuildPhase section */
		63818D442AFA74270022CE7A /* Resources */ = {
			isa = PBXResourcesBuildPhase;
			buildActionMask = 2147483647;
			files = (
				63818D762AFA77320022CE7A /* LoginViewController.xib in Resources */,
				63818D6E2AFA77110022CE7A /* ProfileViewController.xib in Resources */,
				63818D992B21F42A0022CE7A /* DetailTitleTableViewCell.xib in Resources */,
				63818D9D2B21F43E0022CE7A /* DetailTextTableViewCell.xib in Resources */,
				63818D562AFA742A0022CE7A /* LaunchScreen.storyboard in Resources */,
				63818D832B14E86E0022CE7A /* HomeCollectionViewCell.xib in Resources */,
				63818D882B21ED310022CE7A /* DetailViewController.xib in Resources */,
				63818D532AFA742A0022CE7A /* Assets.xcassets in Resources */,
				63818D952B21F40E0022CE7A /* DetailImageTableViewCell.xib in Resources */,
				63818D662AFA76DD0022CE7A /* SearchViewController.xib in Resources */,
				63818D6A2AFA76F80022CE7A /* FavoriteViewController.xib in Resources */,
				63818D722AFA77200022CE7A /* HomeViewController.xib in Resources */,
			);
			runOnlyForDeploymentPostprocessing = 0;
		};
/* End PBXResourcesBuildPhase section */

/* Begin PBXSourcesBuildPhase section */
		63818D422AFA74270022CE7A /* Sources */ = {
			isa = PBXSourcesBuildPhase;
			buildActionMask = 2147483647;
			files = (
				63818D872B21ED310022CE7A /* DetailViewController.swift in Sources */,
				63818D6D2AFA77110022CE7A /* ProfileViewController.swift in Sources */,
				63818D942B21F40E0022CE7A /* DetailImageTableViewCell.swift in Sources */,
				63818D4A2AFA74270022CE7A /* AppDelegate.swift in Sources */,
				63818D7E2B14DB680022CE7A /* HomeModel.swift in Sources */,
				63818D9C2B21F43E0022CE7A /* DetailTextTableViewCell.swift in Sources */,
				63818D7A2AFA77980022CE7A /* TabBarModel.swift in Sources */,
				63818D652AFA76DD0022CE7A /* SearchViewController.swift in Sources */,
				63818D982B21F42A0022CE7A /* DetailTitleTableViewCell.swift in Sources */,
				63818D822B14E86E0022CE7A /* HomeCollectionViewCell.swift in Sources */,
				63818D7C2AFA84D50022CE7A /* TabBarConfigurator.swift in Sources */,
				63818D752AFA77320022CE7A /* LoginViewController.swift in Sources */,
				63818D712AFA77200022CE7A /* HomeViewController.swift in Sources */,
				63818D692AFA76F80022CE7A /* FavoriteViewController.swift in Sources */,
			);
			runOnlyForDeploymentPostprocessing = 0;
		};
/* End PBXSourcesBuildPhase section */

/* Begin PBXVariantGroup section */
		63818D542AFA742A0022CE7A /* LaunchScreen.storyboard */ = {
			isa = PBXVariantGroup;
			children = (
				63818D552AFA742A0022CE7A /* Base */,
			);
			name = LaunchScreen.storyboard;
			sourceTree = "<group>";
		};
/* End PBXVariantGroup section */

/* Begin XCBuildConfiguration section */
		63818D582AFA742A0022CE7A /* Debug */ = {
			isa = XCBuildConfiguration;
			buildSettings = {
				ALWAYS_SEARCH_USER_PATHS = NO;
				CLANG_ANALYZER_NONNULL = YES;
				CLANG_ANALYZER_NUMBER_OBJECT_CONVERSION = YES_AGGRESSIVE;
				CLANG_CXX_LANGUAGE_STANDARD = "gnu++20";
				CLANG_ENABLE_MODULES = YES;
				CLANG_ENABLE_OBJC_ARC = YES;
				CLANG_ENABLE_OBJC_WEAK = YES;
				CLANG_WARN_BLOCK_CAPTURE_AUTORELEASING = YES;
				CLANG_WARN_BOOL_CONVERSION = YES;
				CLANG_WARN_COMMA = YES;
				CLANG_WARN_CONSTANT_CONVERSION = YES;
				CLANG_WARN_DEPRECATED_OBJC_IMPLEMENTATIONS = YES;
				CLANG_WARN_DIRECT_OBJC_ISA_USAGE = YES_ERROR;
				CLANG_WARN_DOCUMENTATION_COMMENTS = YES;
				CLANG_WARN_EMPTY_BODY = YES;
				CLANG_WARN_ENUM_CONVERSION = YES;
				CLANG_WARN_INFINITE_RECURSION = YES;
				CLANG_WARN_INT_CONVERSION = YES;
				CLANG_WARN_NON_LITERAL_NULL_CONVERSION = YES;
				CLANG_WARN_OBJC_IMPLICIT_RETAIN_SELF = YES;
				CLANG_WARN_OBJC_LITERAL_CONVERSION = YES;
				CLANG_WARN_OBJC_ROOT_CLASS = YES_ERROR;
				CLANG_WARN_QUOTED_INCLUDE_IN_FRAMEWORK_HEADER = YES;
				CLANG_WARN_RANGE_LOOP_ANALYSIS = YES;
				CLANG_WARN_STRICT_PROTOTYPES = YES;
				CLANG_WARN_SUSPICIOUS_MOVE = YES;
				CLANG_WARN_UNGUARDED_AVAILABILITY = YES_AGGRESSIVE;
				CLANG_WARN_UNREACHABLE_CODE = YES;
				CLANG_WARN__DUPLICATE_METHOD_MATCH = YES;
				COPY_PHASE_STRIP = NO;
				DEBUG_INFORMATION_FORMAT = dwarf;
				ENABLE_STRICT_OBJC_MSGSEND = YES;
				ENABLE_TESTABILITY = YES;
				GCC_C_LANGUAGE_STANDARD = gnu11;
				GCC_DYNAMIC_NO_PIC = NO;
				GCC_NO_COMMON_BLOCKS = YES;
				GCC_OPTIMIZATION_LEVEL = 0;
				GCC_PREPROCESSOR_DEFINITIONS = (
					"DEBUG=1",
					"$(inherited)",
				);
				GCC_WARN_64_TO_32_BIT_CONVERSION = YES;
				GCC_WARN_ABOUT_RETURN_TYPE = YES_ERROR;
				GCC_WARN_UNDECLARED_SELECTOR = YES;
				GCC_WARN_UNINITIALIZED_AUTOS = YES_AGGRESSIVE;
				GCC_WARN_UNUSED_FUNCTION = YES;
				GCC_WARN_UNUSED_VARIABLE = YES;
				IPHONEOS_DEPLOYMENT_TARGET = 16.2;
				MTL_ENABLE_DEBUG_INFO = INCLUDE_SOURCE;
				MTL_FAST_MATH = YES;
				ONLY_ACTIVE_ARCH = YES;
				SDKROOT = iphoneos;
				SWIFT_ACTIVE_COMPILATION_CONDITIONS = DEBUG;
				SWIFT_OPTIMIZATION_LEVEL = "-Onone";
			};
			name = Debug;
		};
		63818D592AFA742A0022CE7A /* Release */ = {
			isa = XCBuildConfiguration;
			buildSettings = {
				ALWAYS_SEARCH_USER_PATHS = NO;
				CLANG_ANALYZER_NONNULL = YES;
				CLANG_ANALYZER_NUMBER_OBJECT_CONVERSION = YES_AGGRESSIVE;
				CLANG_CXX_LANGUAGE_STANDARD = "gnu++20";
				CLANG_ENABLE_MODULES = YES;
				CLANG_ENABLE_OBJC_ARC = YES;
				CLANG_ENABLE_OBJC_WEAK = YES;
				CLANG_WARN_BLOCK_CAPTURE_AUTORELEASING = YES;
				CLANG_WARN_BOOL_CONVERSION = YES;
				CLANG_WARN_COMMA = YES;
				CLANG_WARN_CONSTANT_CONVERSION = YES;
				CLANG_WARN_DEPRECATED_OBJC_IMPLEMENTATIONS = YES;
				CLANG_WARN_DIRECT_OBJC_ISA_USAGE = YES_ERROR;
				CLANG_WARN_DOCUMENTATION_COMMENTS = YES;
				CLANG_WARN_EMPTY_BODY = YES;
				CLANG_WARN_ENUM_CONVERSION = YES;
				CLANG_WARN_INFINITE_RECURSION = YES;
				CLANG_WARN_INT_CONVERSION = YES;
				CLANG_WARN_NON_LITERAL_NULL_CONVERSION = YES;
				CLANG_WARN_OBJC_IMPLICIT_RETAIN_SELF = YES;
				CLANG_WARN_OBJC_LITERAL_CONVERSION = YES;
				CLANG_WARN_OBJC_ROOT_CLASS = YES_ERROR;
				CLANG_WARN_QUOTED_INCLUDE_IN_FRAMEWORK_HEADER = YES;
				CLANG_WARN_RANGE_LOOP_ANALYSIS = YES;
				CLANG_WARN_STRICT_PROTOTYPES = YES;
				CLANG_WARN_SUSPICIOUS_MOVE = YES;
				CLANG_WARN_UNGUARDED_AVAILABILITY = YES_AGGRESSIVE;
				CLANG_WARN_UNREACHABLE_CODE = YES;
				CLANG_WARN__DUPLICATE_METHOD_MATCH = YES;
				COPY_PHASE_STRIP = NO;
				DEBUG_INFORMATION_FORMAT = "dwarf-with-dsym";
				ENABLE_NS_ASSERTIONS = NO;
				ENABLE_STRICT_OBJC_MSGSEND = YES;
				GCC_C_LANGUAGE_STANDARD = gnu11;
				GCC_NO_COMMON_BLOCKS = YES;
				GCC_WARN_64_TO_32_BIT_CONVERSION = YES;
				GCC_WARN_ABOUT_RETURN_TYPE = YES_ERROR;
				GCC_WARN_UNDECLARED_SELECTOR = YES;
				GCC_WARN_UNINITIALIZED_AUTOS = YES_AGGRESSIVE;
				GCC_WARN_UNUSED_FUNCTION = YES;
				GCC_WARN_UNUSED_VARIABLE = YES;
				IPHONEOS_DEPLOYMENT_TARGET = 16.2;
				MTL_ENABLE_DEBUG_INFO = NO;
				MTL_FAST_MATH = YES;
				SDKROOT = iphoneos;
				SWIFT_COMPILATION_MODE = wholemodule;
				SWIFT_OPTIMIZATION_LEVEL = "-O";
				VALIDATE_PRODUCT = YES;
			};
			name = Release;
		};
		63818D5B2AFA742A0022CE7A /* Debug */ = {
			isa = XCBuildConfiguration;
			buildSettings = {
				ASSETCATALOG_COMPILER_APPICON_NAME = AppIcon;
				ASSETCATALOG_COMPILER_GLOBAL_ACCENT_COLOR_NAME = AccentColor;
				CODE_SIGN_STYLE = Automatic;
				CURRENT_PROJECT_VERSION = 1;
				DEVELOPMENT_TEAM = JVW2R72ZC3;
				GENERATE_INFOPLIST_FILE = YES;
				INFOPLIST_FILE = MyPinterest/Application/Info.plist;
				INFOPLIST_KEY_LSApplicationCategoryType = "";
				INFOPLIST_KEY_UIApplicationSupportsIndirectInputEvents = YES;
				INFOPLIST_KEY_UILaunchStoryboardName = LaunchScreen;
				INFOPLIST_KEY_UISupportedInterfaceOrientations_iPad = "UIInterfaceOrientationPortrait UIInterfaceOrientationPortraitUpsideDown UIInterfaceOrientationLandscapeLeft UIInterfaceOrientationLandscapeRight";
				INFOPLIST_KEY_UISupportedInterfaceOrientations_iPhone = "UIInterfaceOrientationPortrait UIInterfaceOrientationLandscapeLeft UIInterfaceOrientationLandscapeRight";
				LD_RUNPATH_SEARCH_PATHS = (
					"$(inherited)",
					"@executable_path/Frameworks",
				);
				MARKETING_VERSION = 1.0;
				PRODUCT_BUNDLE_IDENTIFIER = com.example.MyPinterest;
				PRODUCT_NAME = "$(TARGET_NAME)";
				SWIFT_EMIT_LOC_STRINGS = YES;
				SWIFT_VERSION = 5.0;
				TARGETED_DEVICE_FAMILY = "1,2";
			};
			name = Debug;
		};
		63818D5C2AFA742A0022CE7A /* Release */ = {
			isa = XCBuildConfiguration;
			buildSettings = {
				ASSETCATALOG_COMPILER_APPICON_NAME = AppIcon;
				ASSETCATALOG_COMPILER_GLOBAL_ACCENT_COLOR_NAME = AccentColor;
				CODE_SIGN_STYLE = Automatic;
				CURRENT_PROJECT_VERSION = 1;
				DEVELOPMENT_TEAM = JVW2R72ZC3;
				GENERATE_INFOPLIST_FILE = YES;
				INFOPLIST_FILE = MyPinterest/Application/Info.plist;
				INFOPLIST_KEY_LSApplicationCategoryType = "";
				INFOPLIST_KEY_UIApplicationSupportsIndirectInputEvents = YES;
				INFOPLIST_KEY_UILaunchStoryboardName = LaunchScreen;
				INFOPLIST_KEY_UISupportedInterfaceOrientations_iPad = "UIInterfaceOrientationPortrait UIInterfaceOrientationPortraitUpsideDown UIInterfaceOrientationLandscapeLeft UIInterfaceOrientationLandscapeRight";
				INFOPLIST_KEY_UISupportedInterfaceOrientations_iPhone = "UIInterfaceOrientationPortrait UIInterfaceOrientationLandscapeLeft UIInterfaceOrientationLandscapeRight";
				LD_RUNPATH_SEARCH_PATHS = (
					"$(inherited)",
					"@executable_path/Frameworks",
				);
				MARKETING_VERSION = 1.0;
				PRODUCT_BUNDLE_IDENTIFIER = com.example.MyPinterest;
				PRODUCT_NAME = "$(TARGET_NAME)";
				SWIFT_EMIT_LOC_STRINGS = YES;
				SWIFT_VERSION = 5.0;
				TARGETED_DEVICE_FAMILY = "1,2";
			};
			name = Release;
		};
/* End XCBuildConfiguration section */

/* Begin XCConfigurationList section */
		63818D412AFA74270022CE7A /* Build configuration list for PBXProject "MyPinterest" */ = {
			isa = XCConfigurationList;
			buildConfigurations = (
				63818D582AFA742A0022CE7A /* Debug */,
				63818D592AFA742A0022CE7A /* Release */,
			);
			defaultConfigurationIsVisible = 0;
			defaultConfigurationName = Release;
		};
		63818D5A2AFA742A0022CE7A /* Build configuration list for PBXNativeTarget "MyPinterest" */ = {
			isa = XCConfigurationList;
			buildConfigurations = (
				63818D5B2AFA742A0022CE7A /* Debug */,
				63818D5C2AFA742A0022CE7A /* Release */,
			);
			defaultConfigurationIsVisible = 0;
			defaultConfigurationName = Release;
		};
/* End XCConfigurationList section */
	};
	rootObject = 63818D3E2AFA74270022CE7A /* Project object */;
}
